// !$*UTF8*$!
{
	archiveVersion = 1;
	classes = {
	};
	objectVersion = 56;
	objects = {

/* Begin PBXBuildFile section */
		FB4821602BD1791B00BE2B39 /* Theme.swift in Sources */ = {isa = PBXBuildFile; fileRef = FB48215F2BD1791B00BE2B39 /* Theme.swift */; };
		FB4821622BD17ACA00BE2B39 /* DailyScrum.swift in Sources */ = {isa = PBXBuildFile; fileRef = FB4821612BD17ACA00BE2B39 /* DailyScrum.swift */; };
		FB4821642BD17F3400BE2B39 /* CardView.swift in Sources */ = {isa = PBXBuildFile; fileRef = FB4821632BD17F3400BE2B39 /* CardView.swift */; };
		FB4821662BD1857800BE2B39 /* TrailingIconLabelStyle.swift in Sources */ = {isa = PBXBuildFile; fileRef = FB4821652BD1857800BE2B39 /* TrailingIconLabelStyle.swift */; };
		FB922E772BD56D7100DB48C3 /* ScrumsView.swift in Sources */ = {isa = PBXBuildFile; fileRef = FB922E762BD56D7100DB48C3 /* ScrumsView.swift */; };
		FB922E7D2BD5723C00DB48C3 /* ding.wav in Resources */ = {isa = PBXBuildFile; fileRef = FB922E7C2BD5723C00DB48C3 /* ding.wav */; };
		FBB55BAC2BD028390003C1DB /* ScrumdingerApp.swift in Sources */ = {isa = PBXBuildFile; fileRef = FBB55BAB2BD028390003C1DB /* ScrumdingerApp.swift */; };
		FBB55BAE2BD028390003C1DB /* MeetingView.swift in Sources */ = {isa = PBXBuildFile; fileRef = FBB55BAD2BD028390003C1DB /* MeetingView.swift */; };
		FBB55BB02BD0283C0003C1DB /* Assets.xcassets in Resources */ = {isa = PBXBuildFile; fileRef = FBB55BAF2BD0283C0003C1DB /* Assets.xcassets */; };
		FBB55BB42BD0283C0003C1DB /* Preview Assets.xcassets in Resources */ = {isa = PBXBuildFile; fileRef = FBB55BB32BD0283C0003C1DB /* Preview Assets.xcassets */; };
		FBB55BBE2BD0283D0003C1DB /* ScrumdingerTests.swift in Sources */ = {isa = PBXBuildFile; fileRef = FBB55BBD2BD0283D0003C1DB /* ScrumdingerTests.swift */; };
		FBB55BC82BD0283D0003C1DB /* ScrumdingerUITests.swift in Sources */ = {isa = PBXBuildFile; fileRef = FBB55BC72BD0283D0003C1DB /* ScrumdingerUITests.swift */; };
		FBB55BCA2BD0283D0003C1DB /* ScrumdingerUITestsLaunchTests.swift in Sources */ = {isa = PBXBuildFile; fileRef = FBB55BC92BD0283D0003C1DB /* ScrumdingerUITestsLaunchTests.swift */; };
/* End PBXBuildFile section */

/* Begin PBXContainerItemProxy section */
		FBB55BBA2BD0283D0003C1DB /* PBXContainerItemProxy */ = {
			isa = PBXContainerItemProxy;
			containerPortal = FBB55BA02BD028390003C1DB /* Project object */;
			proxyType = 1;
			remoteGlobalIDString = FBB55BA72BD028390003C1DB;
			remoteInfo = Scrumdinger;
		};
		FBB55BC42BD0283D0003C1DB /* PBXContainerItemProxy */ = {
			isa = PBXContainerItemProxy;
			containerPortal = FBB55BA02BD028390003C1DB /* Project object */;
			proxyType = 1;
			remoteGlobalIDString = FBB55BA72BD028390003C1DB;
			remoteInfo = Scrumdinger;
		};
/* End PBXContainerItemProxy section */

/* Begin PBXFileReference section */
		FB48215F2BD1791B00BE2B39 /* Theme.swift */ = {isa = PBXFileReference; lastKnownFileType = sourcecode.swift; path = Theme.swift; sourceTree = "<group>"; };
		FB4821612BD17ACA00BE2B39 /* DailyScrum.swift */ = {isa = PBXFileReference; lastKnownFileType = sourcecode.swift; path = DailyScrum.swift; sourceTree = "<group>"; };
		FB4821632BD17F3400BE2B39 /* CardView.swift */ = {isa = PBXFileReference; lastKnownFileType = sourcecode.swift; path = CardView.swift; sourceTree = "<group>"; };
		FB4821652BD1857800BE2B39 /* TrailingIconLabelStyle.swift */ = {isa = PBXFileReference; lastKnownFileType = sourcecode.swift; path = TrailingIconLabelStyle.swift; sourceTree = "<group>"; };
		FB922E762BD56D7100DB48C3 /* ScrumsView.swift */ = {isa = PBXFileReference; lastKnownFileType = sourcecode.swift; path = ScrumsView.swift; sourceTree = "<group>"; };
		FB922E7C2BD5723C00DB48C3 /* ding.wav */ = {isa = PBXFileReference; lastKnownFileType = audio.wav; path = ding.wav; sourceTree = "<group>"; };
		FB922E7E2BD5727D00DB48C3 /* Scrumdinger.entitlements */ = {isa = PBXFileReference; lastKnownFileType = text.plist.entitlements; path = Scrumdinger.entitlements; sourceTree = "<group>"; };
		FBB55BA82BD028390003C1DB /* Scrumdinger.app */ = {isa = PBXFileReference; explicitFileType = wrapper.application; includeInIndex = 0; path = Scrumdinger.app; sourceTree = BUILT_PRODUCTS_DIR; };
		FBB55BAB2BD028390003C1DB /* ScrumdingerApp.swift */ = {isa = PBXFileReference; lastKnownFileType = sourcecode.swift; path = ScrumdingerApp.swift; sourceTree = "<group>"; };
		FBB55BAD2BD028390003C1DB /* MeetingView.swift */ = {isa = PBXFileReference; lastKnownFileType = sourcecode.swift; path = MeetingView.swift; sourceTree = "<group>"; };
		FBB55BAF2BD0283C0003C1DB /* Assets.xcassets */ = {isa = PBXFileReference; lastKnownFileType = folder.assetcatalog; path = Assets.xcassets; sourceTree = "<group>"; };
		FBB55BB32BD0283C0003C1DB /* Preview Assets.xcassets */ = {isa = PBXFileReference; lastKnownFileType = folder.assetcatalog; path = "Preview Assets.xcassets"; sourceTree = "<group>"; };
		FBB55BB92BD0283D0003C1DB /* ScrumdingerTests.xctest */ = {isa = PBXFileReference; explicitFileType = wrapper.cfbundle; includeInIndex = 0; path = ScrumdingerTests.xctest; sourceTree = BUILT_PRODUCTS_DIR; };
		FBB55BBD2BD0283D0003C1DB /* ScrumdingerTests.swift */ = {isa = PBXFileReference; lastKnownFileType = sourcecode.swift; path = ScrumdingerTests.swift; sourceTree = "<group>"; };
		FBB55BC32BD0283D0003C1DB /* ScrumdingerUITests.xctest */ = {isa = PBXFileReference; explicitFileType = wrapper.cfbundle; includeInIndex = 0; path = ScrumdingerUITests.xctest; sourceTree = BUILT_PRODUCTS_DIR; };
		FBB55BC72BD0283D0003C1DB /* ScrumdingerUITests.swift */ = {isa = PBXFileReference; lastKnownFileType = sourcecode.swift; path = ScrumdingerUITests.swift; sourceTree = "<group>"; };
		FBB55BC92BD0283D0003C1DB /* ScrumdingerUITestsLaunchTests.swift */ = {isa = PBXFileReference; lastKnownFileType = sourcecode.swift; path = ScrumdingerUITestsLaunchTests.swift; sourceTree = "<group>"; };
/* End PBXFileReference section */

/* Begin PBXFrameworksBuildPhase section */
		FBB55BA52BD028390003C1DB /* Frameworks */ = {
			isa = PBXFrameworksBuildPhase;
			buildActionMask = 2147483647;
			files = (
			);
			runOnlyForDeploymentPostprocessing = 0;
		};
		FBB55BB62BD0283D0003C1DB /* Frameworks */ = {
			isa = PBXFrameworksBuildPhase;
			buildActionMask = 2147483647;
			files = (
			);
			runOnlyForDeploymentPostprocessing = 0;
		};
		FBB55BC02BD0283D0003C1DB /* Frameworks */ = {
			isa = PBXFrameworksBuildPhase;
			buildActionMask = 2147483647;
			files = (
			);
			runOnlyForDeploymentPostprocessing = 0;
		};
/* End PBXFrameworksBuildPhase section */

/* Begin PBXGroup section */
		FB48215E2BD178DF00BE2B39 /* Models */ = {
			isa = PBXGroup;
			children = (
				FB48215F2BD1791B00BE2B39 /* Theme.swift */,
				FB4821612BD17ACA00BE2B39 /* DailyScrum.swift */,
			);
			path = Models;
			sourceTree = "<group>";
		};
		FB922E7A2BD571B800DB48C3 /* Views */ = {
			isa = PBXGroup;
			children = (
				FB4821652BD1857800BE2B39 /* TrailingIconLabelStyle.swift */,
				FB4821632BD17F3400BE2B39 /* CardView.swift */,
				FBB55BAD2BD028390003C1DB /* MeetingView.swift */,
				FB922E762BD56D7100DB48C3 /* ScrumsView.swift */,
			);
			path = Views;
			sourceTree = "<group>";
		};
		FB922E7B2BD5722D00DB48C3 /* Resources */ = {
			isa = PBXGroup;
			children = (
				FB922E7C2BD5723C00DB48C3 /* ding.wav */,
			);
			path = Resources;
			sourceTree = "<group>";
		};
		FBB55B9F2BD028390003C1DB = {
			isa = PBXGroup;
			children = (
				FBB55BAA2BD028390003C1DB /* Scrumdinger */,
				FBB55BBC2BD0283D0003C1DB /* ScrumdingerTests */,
				FBB55BC62BD0283D0003C1DB /* ScrumdingerUITests */,
				FBB55BA92BD028390003C1DB /* Products */,
			);
			sourceTree = "<group>";
		};
		FBB55BA92BD028390003C1DB /* Products */ = {
			isa = PBXGroup;
			children = (
				FBB55BA82BD028390003C1DB /* Scrumdinger.app */,
				FBB55BB92BD0283D0003C1DB /* ScrumdingerTests.xctest */,
				FBB55BC32BD0283D0003C1DB /* ScrumdingerUITests.xctest */,
			);
			name = Products;
			sourceTree = "<group>";
		};
		FBB55BAA2BD028390003C1DB /* Scrumdinger */ = {
			isa = PBXGroup;
			children = (
				FB922E7E2BD5727D00DB48C3 /* Scrumdinger.entitlements */,
				FB922E7B2BD5722D00DB48C3 /* Resources */,
				FB922E7A2BD571B800DB48C3 /* Views */,
				FB48215E2BD178DF00BE2B39 /* Models */,
				FBB55BAB2BD028390003C1DB /* ScrumdingerApp.swift */,
				FBB55BAF2BD0283C0003C1DB /* Assets.xcassets */,
				FBB55BB22BD0283C0003C1DB /* Preview Content */,
			);
			path = Scrumdinger;
			sourceTree = "<group>";
		};
		FBB55BB22BD0283C0003C1DB /* Preview Content */ = {
			isa = PBXGroup;
			children = (
				FBB55BB32BD0283C0003C1DB /* Preview Assets.xcassets */,
			);
			path = "Preview Content";
			sourceTree = "<group>";
		};
		FBB55BBC2BD0283D0003C1DB /* ScrumdingerTests */ = {
			isa = PBXGroup;
			children = (
				FBB55BBD2BD0283D0003C1DB /* ScrumdingerTests.swift */,
			);
			path = ScrumdingerTests;
			sourceTree = "<group>";
		};
		FBB55BC62BD0283D0003C1DB /* ScrumdingerUITests */ = {
			isa = PBXGroup;
			children = (
				FBB55BC72BD0283D0003C1DB /* ScrumdingerUITests.swift */,
				FBB55BC92BD0283D0003C1DB /* ScrumdingerUITestsLaunchTests.swift */,
			);
			path = ScrumdingerUITests;
			sourceTree = "<group>";
		};
/* End PBXGroup section */

/* Begin PBXNativeTarget section */
		FBB55BA72BD028390003C1DB /* Scrumdinger */ = {
			isa = PBXNativeTarget;
			buildConfigurationList = FBB55BCD2BD0283D0003C1DB /* Build configuration list for PBXNativeTarget "Scrumdinger" */;
			buildPhases = (
				FBB55BA42BD028390003C1DB /* Sources */,
				FBB55BA52BD028390003C1DB /* Frameworks */,
				FBB55BA62BD028390003C1DB /* Resources */,
			);
			buildRules = (
			);
			dependencies = (
			);
			name = Scrumdinger;
			productName = Scrumdinger;
			productReference = FBB55BA82BD028390003C1DB /* Scrumdinger.app */;
			productType = "com.apple.product-type.application";
		};
		FBB55BB82BD0283D0003C1DB /* ScrumdingerTests */ = {
			isa = PBXNativeTarget;
			buildConfigurationList = FBB55BD02BD0283D0003C1DB /* Build configuration list for PBXNativeTarget "ScrumdingerTests" */;
			buildPhases = (
				FBB55BB52BD0283D0003C1DB /* Sources */,
				FBB55BB62BD0283D0003C1DB /* Frameworks */,
				FBB55BB72BD0283D0003C1DB /* Resources */,
			);
			buildRules = (
			);
			dependencies = (
				FBB55BBB2BD0283D0003C1DB /* PBXTargetDependency */,
			);
			name = ScrumdingerTests;
			productName = ScrumdingerTests;
			productReference = FBB55BB92BD0283D0003C1DB /* ScrumdingerTests.xctest */;
			productType = "com.apple.product-type.bundle.unit-test";
		};
		FBB55BC22BD0283D0003C1DB /* ScrumdingerUITests */ = {
			isa = PBXNativeTarget;
			buildConfigurationList = FBB55BD32BD0283D0003C1DB /* Build configuration list for PBXNativeTarget "ScrumdingerUITests" */;
			buildPhases = (
				FBB55BBF2BD0283D0003C1DB /* Sources */,
				FBB55BC02BD0283D0003C1DB /* Frameworks */,
				FBB55BC12BD0283D0003C1DB /* Resources */,
			);
			buildRules = (
			);
			dependencies = (
				FBB55BC52BD0283D0003C1DB /* PBXTargetDependency */,
			);
			name = ScrumdingerUITests;
			productName = ScrumdingerUITests;
			productReference = FBB55BC32BD0283D0003C1DB /* ScrumdingerUITests.xctest */;
			productType = "com.apple.product-type.bundle.ui-testing";
		};
/* End PBXNativeTarget section */

/* Begin PBXProject section */
		FBB55BA02BD028390003C1DB /* Project object */ = {
			isa = PBXProject;
			attributes = {
				BuildIndependentTargetsInParallel = 1;
				LastSwiftUpdateCheck = 1500;
				LastUpgradeCheck = 1500;
				TargetAttributes = {
					FBB55BA72BD028390003C1DB = {
						CreatedOnToolsVersion = 15.0.1;
					};
					FBB55BB82BD0283D0003C1DB = {
						CreatedOnToolsVersion = 15.0.1;
						TestTargetID = FBB55BA72BD028390003C1DB;
					};
					FBB55BC22BD0283D0003C1DB = {
						CreatedOnToolsVersion = 15.0.1;
						TestTargetID = FBB55BA72BD028390003C1DB;
					};
				};
			};
			buildConfigurationList = FBB55BA32BD028390003C1DB /* Build configuration list for PBXProject "Scrumdinger" */;
			compatibilityVersion = "Xcode 14.0";
			developmentRegion = en;
			hasScannedForEncodings = 0;
			knownRegions = (
				en,
				Base,
			);
			mainGroup = FBB55B9F2BD028390003C1DB;
			productRefGroup = FBB55BA92BD028390003C1DB /* Products */;
			projectDirPath = "";
			projectRoot = "";
			targets = (
				FBB55BA72BD028390003C1DB /* Scrumdinger */,
				FBB55BB82BD0283D0003C1DB /* ScrumdingerTests */,
				FBB55BC22BD0283D0003C1DB /* ScrumdingerUITests */,
			);
		};
/* End PBXProject section */

/* Begin PBXResourcesBuildPhase section */
		FBB55BA62BD028390003C1DB /* Resources */ = {
			isa = PBXResourcesBuildPhase;
			buildActionMask = 2147483647;
			files = (
				FB922E7D2BD5723C00DB48C3 /* ding.wav in Resources */,
				FBB55BB42BD0283C0003C1DB /* Preview Assets.xcassets in Resources */,
				FBB55BB02BD0283C0003C1DB /* Assets.xcassets in Resources */,
			);
			runOnlyForDeploymentPostprocessing = 0;
		};
		FBB55BB72BD0283D0003C1DB /* Resources */ = {
			isa = PBXResourcesBuildPhase;
			buildActionMask = 2147483647;
			files = (
			);
			runOnlyForDeploymentPostprocessing = 0;
		};
		FBB55BC12BD0283D0003C1DB /* Resources */ = {
			isa = PBXResourcesBuildPhase;
			buildActionMask = 2147483647;
			files = (
			);
			runOnlyForDeploymentPostprocessing = 0;
		};
/* End PBXResourcesBuildPhase section */

/* Begin PBXSourcesBuildPhase section */
		FBB55BA42BD028390003C1DB /* Sources */ = {
			isa = PBXSourcesBuildPhase;
			buildActionMask = 2147483647;
			files = (
				FB4821622BD17ACA00BE2B39 /* DailyScrum.swift in Sources */,
				FB4821662BD1857800BE2B39 /* TrailingIconLabelStyle.swift in Sources */,
				FB4821602BD1791B00BE2B39 /* Theme.swift in Sources */,
				FB922E772BD56D7100DB48C3 /* ScrumsView.swift in Sources */,
				FBB55BAE2BD028390003C1DB /* MeetingView.swift in Sources */,
				FBB55BAC2BD028390003C1DB /* ScrumdingerApp.swift in Sources */,
				FB4821642BD17F3400BE2B39 /* CardView.swift in Sources */,
			);
			runOnlyForDeploymentPostprocessing = 0;
		};
		FBB55BB52BD0283D0003C1DB /* Sources */ = {
			isa = PBXSourcesBuildPhase;
			buildActionMask = 2147483647;
			files = (
				FBB55BBE2BD0283D0003C1DB /* ScrumdingerTests.swift in Sources */,
			);
			runOnlyForDeploymentPostprocessing = 0;
		};
		FBB55BBF2BD0283D0003C1DB /* Sources */ = {
			isa = PBXSourcesBuildPhase;
			buildActionMask = 2147483647;
			files = (
				FBB55BCA2BD0283D0003C1DB /* ScrumdingerUITestsLaunchTests.swift in Sources */,
				FBB55BC82BD0283D0003C1DB /* ScrumdingerUITests.swift in Sources */,
			);
			runOnlyForDeploymentPostprocessing = 0;
		};
/* End PBXSourcesBuildPhase section */

/* Begin PBXTargetDependency section */
		FBB55BBB2BD0283D0003C1DB /* PBXTargetDependency */ = {
			isa = PBXTargetDependency;
			target = FBB55BA72BD028390003C1DB /* Scrumdinger */;
			targetProxy = FBB55BBA2BD0283D0003C1DB /* PBXContainerItemProxy */;
		};
		FBB55BC52BD0283D0003C1DB /* PBXTargetDependency */ = {
			isa = PBXTargetDependency;
			target = FBB55BA72BD028390003C1DB /* Scrumdinger */;
			targetProxy = FBB55BC42BD0283D0003C1DB /* PBXContainerItemProxy */;
		};
/* End PBXTargetDependency section */

/* Begin XCBuildConfiguration section */
		FBB55BCB2BD0283D0003C1DB /* Debug */ = {
			isa = XCBuildConfiguration;
			buildSettings = {
				ALWAYS_SEARCH_USER_PATHS = NO;
				ASSETCATALOG_COMPILER_GENERATE_SWIFT_ASSET_SYMBOL_EXTENSIONS = YES;
				CLANG_ANALYZER_NONNULL = YES;
				CLANG_ANALYZER_NUMBER_OBJECT_CONVERSION = YES_AGGRESSIVE;
				CLANG_CXX_LANGUAGE_STANDARD = "gnu++20";
				CLANG_ENABLE_MODULES = YES;
				CLANG_ENABLE_OBJC_ARC = YES;
				CLANG_ENABLE_OBJC_WEAK = YES;
				CLANG_WARN_BLOCK_CAPTURE_AUTORELEASING = YES;
				CLANG_WARN_BOOL_CONVERSION = YES;
				CLANG_WARN_COMMA = YES;
				CLANG_WARN_CONSTANT_CONVERSION = YES;
				CLANG_WARN_DEPRECATED_OBJC_IMPLEMENTATIONS = YES;
				CLANG_WARN_DIRECT_OBJC_ISA_USAGE = YES_ERROR;
				CLANG_WARN_DOCUMENTATION_COMMENTS = YES;
				CLANG_WARN_EMPTY_BODY = YES;
				CLANG_WARN_ENUM_CONVERSION = YES;
				CLANG_WARN_INFINITE_RECURSION = YES;
				CLANG_WARN_INT_CONVERSION = YES;
				CLANG_WARN_NON_LITERAL_NULL_CONVERSION = YES;
				CLANG_WARN_OBJC_IMPLICIT_RETAIN_SELF = YES;
				CLANG_WARN_OBJC_LITERAL_CONVERSION = YES;
				CLANG_WARN_OBJC_ROOT_CLASS = YES_ERROR;
				CLANG_WARN_QUOTED_INCLUDE_IN_FRAMEWORK_HEADER = YES;
				CLANG_WARN_RANGE_LOOP_ANALYSIS = YES;
				CLANG_WARN_STRICT_PROTOTYPES = YES;
				CLANG_WARN_SUSPICIOUS_MOVE = YES;
				CLANG_WARN_UNGUARDED_AVAILABILITY = YES_AGGRESSIVE;
				CLANG_WARN_UNREACHABLE_CODE = YES;
				CLANG_WARN__DUPLICATE_METHOD_MATCH = YES;
				COPY_PHASE_STRIP = NO;
				DEBUG_INFORMATION_FORMAT = dwarf;
				ENABLE_STRICT_OBJC_MSGSEND = YES;
				ENABLE_TESTABILITY = YES;
				ENABLE_USER_SCRIPT_SANDBOXING = YES;
				GCC_C_LANGUAGE_STANDARD = gnu17;
				GCC_DYNAMIC_NO_PIC = NO;
				GCC_NO_COMMON_BLOCKS = YES;
				GCC_OPTIMIZATION_LEVEL = 0;
				GCC_PREPROCESSOR_DEFINITIONS = (
					"DEBUG=1",
					"$(inherited)",
				);
				GCC_WARN_64_TO_32_BIT_CONVERSION = YES;
				GCC_WARN_ABOUT_RETURN_TYPE = YES_ERROR;
				GCC_WARN_UNDECLARED_SELECTOR = YES;
				GCC_WARN_UNINITIALIZED_AUTOS = YES_AGGRESSIVE;
				GCC_WARN_UNUSED_FUNCTION = YES;
				GCC_WARN_UNUSED_VARIABLE = YES;
				LOCALIZATION_PREFERS_STRING_CATALOGS = YES;
				MTL_ENABLE_DEBUG_INFO = INCLUDE_SOURCE;
				MTL_FAST_MATH = YES;
				ONLY_ACTIVE_ARCH = YES;
				SWIFT_ACTIVE_COMPILATION_CONDITIONS = "DEBUG $(inherited)";
				SWIFT_OPTIMIZATION_LEVEL = "-Onone";
			};
			name = Debug;
		};
		FBB55BCC2BD0283D0003C1DB /* Release */ = {
			isa = XCBuildConfiguration;
			buildSettings = {
				ALWAYS_SEARCH_USER_PATHS = NO;
				ASSETCATALOG_COMPILER_GENERATE_SWIFT_ASSET_SYMBOL_EXTENSIONS = YES;
				CLANG_ANALYZER_NONNULL = YES;
				CLANG_ANALYZER_NUMBER_OBJECT_CONVERSION = YES_AGGRESSIVE;
				CLANG_CXX_LANGUAGE_STANDARD = "gnu++20";
				CLANG_ENABLE_MODULES = YES;
				CLANG_ENABLE_OBJC_ARC = YES;
				CLANG_ENABLE_OBJC_WEAK = YES;
				CLANG_WARN_BLOCK_CAPTURE_AUTORELEASING = YES;
				CLANG_WARN_BOOL_CONVERSION = YES;
				CLANG_WARN_COMMA = YES;
				CLANG_WARN_CONSTANT_CONVERSION = YES;
				CLANG_WARN_DEPRECATED_OBJC_IMPLEMENTATIONS = YES;
				CLANG_WARN_DIRECT_OBJC_ISA_USAGE = YES_ERROR;
				CLANG_WARN_DOCUMENTATION_COMMENTS = YES;
				CLANG_WARN_EMPTY_BODY = YES;
				CLANG_WARN_ENUM_CONVERSION = YES;
				CLANG_WARN_INFINITE_RECURSION = YES;
				CLANG_WARN_INT_CONVERSION = YES;
				CLANG_WARN_NON_LITERAL_NULL_CONVERSION = YES;
				CLANG_WARN_OBJC_IMPLICIT_RETAIN_SELF = YES;
				CLANG_WARN_OBJC_LITERAL_CONVERSION = YES;
				CLANG_WARN_OBJC_ROOT_CLASS = YES_ERROR;
				CLANG_WARN_QUOTED_INCLUDE_IN_FRAMEWORK_HEADER = YES;
				CLANG_WARN_RANGE_LOOP_ANALYSIS = YES;
				CLANG_WARN_STRICT_PROTOTYPES = YES;
				CLANG_WARN_SUSPICIOUS_MOVE = YES;
				CLANG_WARN_UNGUARDED_AVAILABILITY = YES_AGGRESSIVE;
				CLANG_WARN_UNREACHABLE_CODE = YES;
				CLANG_WARN__DUPLICATE_METHOD_MATCH = YES;
				COPY_PHASE_STRIP = NO;
				DEBUG_INFORMATION_FORMAT = "dwarf-with-dsym";
				ENABLE_NS_ASSERTIONS = NO;
				ENABLE_STRICT_OBJC_MSGSEND = YES;
				ENABLE_USER_SCRIPT_SANDBOXING = YES;
				GCC_C_LANGUAGE_STANDARD = gnu17;
				GCC_NO_COMMON_BLOCKS = YES;
				GCC_WARN_64_TO_32_BIT_CONVERSION = YES;
				GCC_WARN_ABOUT_RETURN_TYPE = YES_ERROR;
				GCC_WARN_UNDECLARED_SELECTOR = YES;
				GCC_WARN_UNINITIALIZED_AUTOS = YES_AGGRESSIVE;
				GCC_WARN_UNUSED_FUNCTION = YES;
				GCC_WARN_UNUSED_VARIABLE = YES;
				LOCALIZATION_PREFERS_STRING_CATALOGS = YES;
				MTL_ENABLE_DEBUG_INFO = NO;
				MTL_FAST_MATH = YES;
				SWIFT_COMPILATION_MODE = wholemodule;
			};
			name = Release;
		};
		FBB55BCE2BD0283D0003C1DB /* Debug */ = {
			isa = XCBuildConfiguration;
			buildSettings = {
				ASSETCATALOG_COMPILER_APPICON_NAME = AppIcon;
				ASSETCATALOG_COMPILER_GLOBAL_ACCENT_COLOR_NAME = AccentColor;
				CODE_SIGN_ENTITLEMENTS = Scrumdinger/Scrumdinger.entitlements;
				CODE_SIGN_STYLE = Automatic;
				CURRENT_PROJECT_VERSION = 1;
				DEVELOPMENT_ASSET_PATHS = "\"Scrumdinger/Preview Content\"";
				ENABLE_PREVIEWS = YES;
				GENERATE_INFOPLIST_FILE = YES;
				"INFOPLIST_KEY_UIApplicationSceneManifest_Generation[sdk=iphoneos*]" = YES;
				"INFOPLIST_KEY_UIApplicationSceneManifest_Generation[sdk=iphonesimulator*]" = YES;
				"INFOPLIST_KEY_UIApplicationSupportsIndirectInputEvents[sdk=iphoneos*]" = YES;
				"INFOPLIST_KEY_UIApplicationSupportsIndirectInputEvents[sdk=iphonesimulator*]" = YES;
				"INFOPLIST_KEY_UILaunchScreen_Generation[sdk=iphoneos*]" = YES;
				"INFOPLIST_KEY_UILaunchScreen_Generation[sdk=iphonesimulator*]" = YES;
				"INFOPLIST_KEY_UIStatusBarStyle[sdk=iphoneos*]" = UIStatusBarStyleDefault;
				"INFOPLIST_KEY_UIStatusBarStyle[sdk=iphonesimulator*]" = UIStatusBarStyleDefault;
				INFOPLIST_KEY_UISupportedInterfaceOrientations_iPad = "UIInterfaceOrientationPortrait UIInterfaceOrientationPortraitUpsideDown UIInterfaceOrientationLandscapeLeft UIInterfaceOrientationLandscapeRight";
				INFOPLIST_KEY_UISupportedInterfaceOrientations_iPhone = "UIInterfaceOrientationPortrait UIInterfaceOrientationLandscapeLeft UIInterfaceOrientationLandscapeRight";
				IPHONEOS_DEPLOYMENT_TARGET = 17.0;
				LD_RUNPATH_SEARCH_PATHS = "@executable_path/Frameworks";
				"LD_RUNPATH_SEARCH_PATHS[sdk=macosx*]" = "@executable_path/../Frameworks";
				MACOSX_DEPLOYMENT_TARGET = 14.0;
				MARKETING_VERSION = 1.0;
				PRODUCT_BUNDLE_IDENTIFIER = com.example.Scrumdinger;
				PRODUCT_NAME = "$(TARGET_NAME)";
				SDKROOT = auto;
				SUPPORTED_PLATFORMS = "iphoneos iphonesimulator macosx";
				SWIFT_EMIT_LOC_STRINGS = YES;
				SWIFT_VERSION = 5.0;
				TARGETED_DEVICE_FAMILY = "1,2";
			};
			name = Debug;
		};
		FBB55BCF2BD0283D0003C1DB /* Release */ = {
			isa = XCBuildConfiguration;
			buildSettings = {
				ASSETCATALOG_COMPILER_APPICON_NAME = AppIcon;
				ASSETCATALOG_COMPILER_GLOBAL_ACCENT_COLOR_NAME = AccentColor;
				CODE_SIGN_ENTITLEMENTS = Scrumdinger/Scrumdinger.entitlements;
				CODE_SIGN_STYLE = Automatic;
				CURRENT_PROJECT_VERSION = 1;
				DEVELOPMENT_ASSET_PATHS = "\"Scrumdinger/Preview Content\"";
				ENABLE_PREVIEWS = YES;
				GENERATE_INFOPLIST_FILE = YES;
				"INFOPLIST_KEY_UIApplicationSceneManifest_Generation[sdk=iphoneos*]" = YES;
				"INFOPLIST_KEY_UIApplicationSceneManifest_Generation[sdk=iphonesimulator*]" = YES;
				"INFOPLIST_KEY_UIApplicationSupportsIndirectInputEvents[sdk=iphoneos*]" = YES;
				"INFOPLIST_KEY_UIApplicationSupportsIndirectInputEvents[sdk=iphonesimulator*]" = YES;
				"INFOPLIST_KEY_UILaunchScreen_Generation[sdk=iphoneos*]" = YES;
				"INFOPLIST_KEY_UILaunchScreen_Generation[sdk=iphonesimulator*]" = YES;
				"INFOPLIST_KEY_UIStatusBarStyle[sdk=iphoneos*]" = UIStatusBarStyleDefault;
				"INFOPLIST_KEY_UIStatusBarStyle[sdk=iphonesimulator*]" = UIStatusBarStyleDefault;
				INFOPLIST_KEY_UISupportedInterfaceOrientations_iPad = "UIInterfaceOrientationPortrait UIInterfaceOrientationPortraitUpsideDown UIInterfaceOrientationLandscapeLeft UIInterfaceOrientationLandscapeRight";
				INFOPLIST_KEY_UISupportedInterfaceOrientations_iPhone = "UIInterfaceOrientationPortrait UIInterfaceOrientationLandscapeLeft UIInterfaceOrientationLandscapeRight";
				IPHONEOS_DEPLOYMENT_TARGET = 17.0;
				LD_RUNPATH_SEARCH_PATHS = "@executable_path/Frameworks";
				"LD_RUNPATH_SEARCH_PATHS[sdk=macosx*]" = "@executable_path/../Frameworks";
				MACOSX_DEPLOYMENT_TARGET = 14.0;
				MARKETING_VERSION = 1.0;
				PRODUCT_BUNDLE_IDENTIFIER = com.example.Scrumdinger;
				PRODUCT_NAME = "$(TARGET_NAME)";
				SDKROOT = auto;
				SUPPORTED_PLATFORMS = "iphoneos iphonesimulator macosx";
				SWIFT_EMIT_LOC_STRINGS = YES;
				SWIFT_VERSION = 5.0;
				TARGETED_DEVICE_FAMILY = "1,2";
			};
			name = Release;
		};
		FBB55BD12BD0283D0003C1DB /* Debug */ = {
			isa = XCBuildConfiguration;
			buildSettings = {
				ALWAYS_EMBED_SWIFT_STANDARD_LIBRARIES = YES;
				BUNDLE_LOADER = "$(TEST_HOST)";
				CODE_SIGN_STYLE = Automatic;
				CURRENT_PROJECT_VERSION = 1;
				GENERATE_INFOPLIST_FILE = YES;
				IPHONEOS_DEPLOYMENT_TARGET = 17.0;
				MACOSX_DEPLOYMENT_TARGET = 14.0;
				MARKETING_VERSION = 1.0;
				PRODUCT_BUNDLE_IDENTIFIER = com.example.ScrumdingerTests;
				PRODUCT_NAME = "$(TARGET_NAME)";
				SDKROOT = auto;
				SUPPORTED_PLATFORMS = "iphoneos iphonesimulator macosx";
				SWIFT_EMIT_LOC_STRINGS = NO;
				SWIFT_VERSION = 5.0;
				TARGETED_DEVICE_FAMILY = "1,2";
				TEST_HOST = "$(BUILT_PRODUCTS_DIR)/Scrumdinger.app/$(BUNDLE_EXECUTABLE_FOLDER_PATH)/Scrumdinger";
			};
			name = Debug;
		};
		FBB55BD22BD0283D0003C1DB /* Release */ = {
			isa = XCBuildConfiguration;
			buildSettings = {
				ALWAYS_EMBED_SWIFT_STANDARD_LIBRARIES = YES;
				BUNDLE_LOADER = "$(TEST_HOST)";
				CODE_SIGN_STYLE = Automatic;
				CURRENT_PROJECT_VERSION = 1;
				GENERATE_INFOPLIST_FILE = YES;
				IPHONEOS_DEPLOYMENT_TARGET = 17.0;
				MACOSX_DEPLOYMENT_TARGET = 14.0;
				MARKETING_VERSION = 1.0;
				PRODUCT_BUNDLE_IDENTIFIER = com.example.ScrumdingerTests;
				PRODUCT_NAME = "$(TARGET_NAME)";
				SDKROOT = auto;
				SUPPORTED_PLATFORMS = "iphoneos iphonesimulator macosx";
				SWIFT_EMIT_LOC_STRINGS = NO;
				SWIFT_VERSION = 5.0;
				TARGETED_DEVICE_FAMILY = "1,2";
				TEST_HOST = "$(BUILT_PRODUCTS_DIR)/Scrumdinger.app/$(BUNDLE_EXECUTABLE_FOLDER_PATH)/Scrumdinger";
			};
			name = Release;
		};
		FBB55BD42BD0283D0003C1DB /* Debug */ = {
			isa = XCBuildConfiguration;
			buildSettings = {
				ALWAYS_EMBED_SWIFT_STANDARD_LIBRARIES = YES;
				CODE_SIGN_STYLE = Automatic;
				CURRENT_PROJECT_VERSION = 1;
				GENERATE_INFOPLIST_FILE = YES;
				IPHONEOS_DEPLOYMENT_TARGET = 17.0;
				MACOSX_DEPLOYMENT_TARGET = 14.0;
				MARKETING_VERSION = 1.0;
				PRODUCT_BUNDLE_IDENTIFIER = com.example.ScrumdingerUITests;
				PRODUCT_NAME = "$(TARGET_NAME)";
				SDKROOT = auto;
				SUPPORTED_PLATFORMS = "iphoneos iphonesimulator macosx";
				SWIFT_EMIT_LOC_STRINGS = NO;
				SWIFT_VERSION = 5.0;
				TARGETED_DEVICE_FAMILY = "1,2";
				TEST_TARGET_NAME = Scrumdinger;
			};
			name = Debug;
		};
		FBB55BD52BD0283D0003C1DB /* Release */ = {
			isa = XCBuildConfiguration;
			buildSettings = {
				ALWAYS_EMBED_SWIFT_STANDARD_LIBRARIES = YES;
				CODE_SIGN_STYLE = Automatic;
				CURRENT_PROJECT_VERSION = 1;
				GENERATE_INFOPLIST_FILE = YES;
				IPHONEOS_DEPLOYMENT_TARGET = 17.0;
				MACOSX_DEPLOYMENT_TARGET = 14.0;
				MARKETING_VERSION = 1.0;
				PRODUCT_BUNDLE_IDENTIFIER = com.example.ScrumdingerUITests;
				PRODUCT_NAME = "$(TARGET_NAME)";
				SDKROOT = auto;
				SUPPORTED_PLATFORMS = "iphoneos iphonesimulator macosx";
				SWIFT_EMIT_LOC_STRINGS = NO;
				SWIFT_VERSION = 5.0;
				TARGETED_DEVICE_FAMILY = "1,2";
				TEST_TARGET_NAME = Scrumdinger;
			};
			name = Release;
		};
/* End XCBuildConfiguration section */

/* Begin XCConfigurationList section */
		FBB55BA32BD028390003C1DB /* Build configuration list for PBXProject "Scrumdinger" */ = {
			isa = XCConfigurationList;
			buildConfigurations = (
				FBB55BCB2BD0283D0003C1DB /* Debug */,
				FBB55BCC2BD0283D0003C1DB /* Release */,
			);
			defaultConfigurationIsVisible = 0;
			defaultConfigurationName = Release;
		};
		FBB55BCD2BD0283D0003C1DB /* Build configuration list for PBXNativeTarget "Scrumdinger" */ = {
			isa = XCConfigurationList;
			buildConfigurations = (
				FBB55BCE2BD0283D0003C1DB /* Debug */,
				FBB55BCF2BD0283D0003C1DB /* Release */,
			);
			defaultConfigurationIsVisible = 0;
			defaultConfigurationName = Release;
		};
		FBB55BD02BD0283D0003C1DB /* Build configuration list for PBXNativeTarget "ScrumdingerTests" */ = {
			isa = XCConfigurationList;
			buildConfigurations = (
				FBB55BD12BD0283D0003C1DB /* Debug */,
				FBB55BD22BD0283D0003C1DB /* Release */,
			);
			defaultConfigurationIsVisible = 0;
			defaultConfigurationName = Release;
		};
		FBB55BD32BD0283D0003C1DB /* Build configuration list for PBXNativeTarget "ScrumdingerUITests" */ = {
			isa = XCConfigurationList;
			buildConfigurations = (
				FBB55BD42BD0283D0003C1DB /* Debug */,
				FBB55BD52BD0283D0003C1DB /* Release */,
			);
			defaultConfigurationIsVisible = 0;
			defaultConfigurationName = Release;
		};
/* End XCConfigurationList section */
	};
	rootObject = FBB55BA02BD028390003C1DB /* Project object */;
}
